{
  "name": "mediapipe holistic",
  "lockfileVersion": 3,
  "requires": true,
  "packages": {
    "": {
      "name": "mediapipe holistic",
      "dependencies": {
        "roboflow": "^0.0.2"
      }
    },
    "node_modules/roboflow": {
      "version": "0.0.2",
      "resolved": "https://registry.npmjs.org/roboflow/-/roboflow-0.0.2.tgz",
      "integrity": "sha512-tiDy5E5TSUr0tJiKs2AUkDkOweaRE97Yr8QCc0QEYiUPIXYB1LpWUNpe08aehhKlzFDrq11s4+ZpQmONqLVVCQ=="
    }
  }
}
